
Microsoft Visual Studio Solution File, Format Version 12.00
# Visual Studio 15
VisualStudioVersion = 15.0.27130.2024
MinimumVisualStudioVersion = 10.0.40219.1
Project("{FAE04EC0-301F-11D3-BF4B-00C04F79EFBC}") = "StackLayoutExercice2.Android", "StackLayoutExercice2\StackLayoutExercice2.Android\StackLayoutExercice2.Android.csproj", "{70F9D192-CA52-4D23-8A93-BC0DE09E6687}"
EndProject
Project("{FAE04EC0-301F-11D3-BF4B-00C04F79EFBC}") = "StackLayoutExercice2", "StackLayoutExercice2\StackLayoutExercice2\StackLayoutExercice2.csproj", "{D6F2DAC1-AC82-4107-B40F-0C76C1BCEC5D}"
EndProject
Global
	GlobalSection(SolutionConfigurationPlatforms) = preSolution
		Debug|Any CPU = Debug|Any CPU
		Release|Any CPU = Release|Any CPU
	EndGlobalSection
	GlobalSection(ProjectConfigurationPlatforms) = postSolution
		{70F9D192-CA52-4D23-8A93-BC0DE09E6687}.Debug|Any CPU.ActiveCfg = Debug|Any CPU
		{70F9D192-CA52-4D23-8A93-BC0DE09E6687}.Debug|Any CPU.Build.0 = Debug|Any CPU
		{70F9D192-CA52-4D23-8A93-BC0DE09E6687}.Debug|Any CPU.Deploy.0 = Debug|Any CPU
		{70F9D192-CA52-4D23-8A93-BC0DE09E6687}.Release|Any CPU.ActiveCfg = Release|Any CPU
		{70F9D192-CA52-4D23-8A93-BC0DE09E6687}.Release|Any CPU.Build.0 = Release|Any CPU
		{70F9D192-CA52-4D23-8A93-BC0DE09E6687}.Release|Any CPU.Deploy.0 = Release|Any CPU
		{D6F2DAC1-AC82-4107-B40F-0C76C1BCEC5D}.Debug|Any CPU.ActiveCfg = Debug|Any CPU
		{D6F2DAC1-AC82-4107-B40F-0C76C1BCEC5D}.Debug|Any CPU.Build.0 = Debug|Any CPU
		{D6F2DAC1-AC82-4107-B40F-0C76C1BCEC5D}.Release|Any CPU.ActiveCfg = Release|Any CPU
		{D6F2DAC1-AC82-4107-B40F-0C76C1BCEC5D}.Release|Any CPU.Build.0 = Release|Any CPU
	EndGlobalSection
	GlobalSection(SolutionProperties) = preSolution
		HideSolutionNode = FALSE
	EndGlobalSection
	GlobalSection(ExtensibilityGlobals) = postSolution
		SolutionGuid = {411F59D2-CB60-426B-A1CB-221A8EC61DC4}
	EndGlobalSection
EndGlobal
